
Microsoft Visual Studio Solution File, Format Version 12.00
# Visual Studio 15
VisualStudioVersion = 15.0.28307.1433
MinimumVisualStudioVersion = 10.0.40219.1
Project("{FAE04EC0-301F-11D3-BF4B-00C04F79EFBC}") = "EMU_Circulation", "EMU_Circulation\EMU_Circulation.csproj", "{3879C6D1-AABB-4866-B3D6-6A2ED95BB719}"
EndProject
Global
	GlobalSection(SolutionConfigurationPlatforms) = preSolution
		Debug|Any CPU = Debug|Any CPU
		Release|Any CPU = Release|Any CPU
	EndGlobalSection
	GlobalSection(ProjectConfigurationPlatforms) = postSolution
		{3879C6D1-AABB-4866-B3D6-6A2ED95BB719}.Debug|Any CPU.ActiveCfg = Debug|Any CPU
		{3879C6D1-AABB-4866-B3D6-6A2ED95BB719}.Debug|Any CPU.Build.0 = Debug|Any CPU
		{3879C6D1-AABB-4866-B3D6-6A2ED95BB719}.Release|Any CPU.ActiveCfg = Release|Any CPU
		{3879C6D1-AABB-4866-B3D6-6A2ED95BB719}.Release|Any CPU.Build.0 = Release|Any CPU
	EndGlobalSection
	GlobalSection(SolutionProperties) = preSolution
		HideSolutionNode = FALSE
	EndGlobalSection
	GlobalSection(ExtensibilityGlobals) = postSolution
		SolutionGuid = {AE271069-E748-4DA6-89C8-0F32F22CCEB4}
	EndGlobalSection
EndGlobal
